
Microsoft Visual Studio Solution File, Format Version 12.00
# Visual Studio Version 16
VisualStudioVersion = 16.0.29318.209
MinimumVisualStudioVersion = 10.0.40219.1
Project("{FAE04EC0-301F-11D3-BF4B-00C04F79EFBC}") = "LWTech.TamiresBoniolo.Assignment3", "LWTech.TamiresBoniolo.Assignment3\LWTech.TamiresBoniolo.Assignment3.csproj", "{6C0C6438-2D74-4323-907B-9960DA3923C0}"
EndProject
Global
	GlobalSection(SolutionConfigurationPlatforms) = preSolution
		Debug|Any CPU = Debug|Any CPU
		Release|Any CPU = Release|Any CPU
	EndGlobalSection
	GlobalSection(ProjectConfigurationPlatforms) = postSolution
		{6C0C6438-2D74-4323-907B-9960DA3923C0}.Debug|Any CPU.ActiveCfg = Debug|Any CPU
		{6C0C6438-2D74-4323-907B-9960DA3923C0}.Debug|Any CPU.Build.0 = Debug|Any CPU
		{6C0C6438-2D74-4323-907B-9960DA3923C0}.Release|Any CPU.ActiveCfg = Release|Any CPU
		{6C0C6438-2D74-4323-907B-9960DA3923C0}.Release|Any CPU.Build.0 = Release|Any CPU
	EndGlobalSection
	GlobalSection(SolutionProperties) = preSolution
		HideSolutionNode = FALSE
	EndGlobalSection
	GlobalSection(ExtensibilityGlobals) = postSolution
		SolutionGuid = {623606D8-91E4-4B3D-B70D-ED1A46B70F0C}
	EndGlobalSection
EndGlobal
